
Microsoft Visual Studio Solution File, Format Version 12.00
# Visual Studio Version 17
VisualStudioVersion = 17.1.32421.90
MinimumVisualStudioVersion = 10.0.40219.1
Project("{FAE04EC0-301F-11D3-BF4B-00C04F79EFBC}") = "MyMusicPlayer", "MyMusicPlayer\MyMusicPlayer.csproj", "{7D3700AA-8F59-48A2-9303-4971CED07778}"
EndProject
Global
	GlobalSection(SolutionConfigurationPlatforms) = preSolution
		Debug|Any CPU = Debug|Any CPU
		Release|Any CPU = Release|Any CPU
	EndGlobalSection
	GlobalSection(ProjectConfigurationPlatforms) = postSolution
		{7D3700AA-8F59-48A2-9303-4971CED07778}.Debug|Any CPU.ActiveCfg = Debug|Any CPU
		{7D3700AA-8F59-48A2-9303-4971CED07778}.Debug|Any CPU.Build.0 = Debug|Any CPU
		{7D3700AA-8F59-48A2-9303-4971CED07778}.Release|Any CPU.ActiveCfg = Release|Any CPU
		{7D3700AA-8F59-48A2-9303-4971CED07778}.Release|Any CPU.Build.0 = Release|Any CPU
	EndGlobalSection
	GlobalSection(SolutionProperties) = preSolution
		HideSolutionNode = FALSE
	EndGlobalSection
	GlobalSection(ExtensibilityGlobals) = postSolution
		SolutionGuid = {3F291B5C-7B54-4875-A372-83C76C677BBE}
	EndGlobalSection
EndGlobal
